// !$*UTF8*$!
{
	archiveVersion = 1;
	classes = {
	};
	objectVersion = 56;
	objects = {

/* Begin PBXBuildFile section */
		03AC8F6D2A250B7400BE5D55 /* StoreItemView.swift in Sources */ = {isa = PBXBuildFile; fileRef = 03AC8F6C2A250B7400BE5D55 /* StoreItemView.swift */; };
		03AC8F6F2A250B8D00BE5D55 /* StoresContainerView.swift in Sources */ = {isa = PBXBuildFile; fileRef = 03AC8F6E2A250B8D00BE5D55 /* StoresContainerView.swift */; };
		180B33692A16635500C1AFBC /* CarouselItemView.swift in Sources */ = {isa = PBXBuildFile; fileRef = 180B33682A16635500C1AFBC /* CarouselItemView.swift */; };
		180B336F2A166A3200C1AFBC /* CarouselTabView.swift in Sources */ = {isa = PBXBuildFile; fileRef = 180B336E2A166A3200C1AFBC /* CarouselTabView.swift */; };
		1828E78F2A151C6700B8A3C6 /* ChefDeliveryApp.swift in Sources */ = {isa = PBXBuildFile; fileRef = 1828E78E2A151C6700B8A3C6 /* ChefDeliveryApp.swift */; };
		1828E7912A151C6700B8A3C6 /* ContentView.swift in Sources */ = {isa = PBXBuildFile; fileRef = 1828E7902A151C6700B8A3C6 /* ContentView.swift */; };
		1828E7932A151C6800B8A3C6 /* Assets.xcassets in Resources */ = {isa = PBXBuildFile; fileRef = 1828E7922A151C6800B8A3C6 /* Assets.xcassets */; };
		1828E7962A151C6800B8A3C6 /* Preview Assets.xcassets in Resources */ = {isa = PBXBuildFile; fileRef = 1828E7952A151C6800B8A3C6 /* Preview Assets.xcassets */; };
		1828E7A32A15264A00B8A3C6 /* NavigationBar.swift in Sources */ = {isa = PBXBuildFile; fileRef = 1828E7A22A15264A00B8A3C6 /* NavigationBar.swift */; };
		1828E7A62A15451F00B8A3C6 /* OrderTypeGridView.swift in Sources */ = {isa = PBXBuildFile; fileRef = 1828E7A52A15451F00B8A3C6 /* OrderTypeGridView.swift */; };
		1828E7B32A15589100B8A3C6 /* OrderType.swift in Sources */ = {isa = PBXBuildFile; fileRef = 1828E7B22A15589100B8A3C6 /* OrderType.swift */; };
		1828E7B52A15594100B8A3C6 /* DataSourceMock.swift in Sources */ = {isa = PBXBuildFile; fileRef = 1828E7B42A15594100B8A3C6 /* DataSourceMock.swift */; };
		1828E7B72A15639C00B8A3C6 /* OrderTypeView.swift in Sources */ = {isa = PBXBuildFile; fileRef = 1828E7B62A15639C00B8A3C6 /* OrderTypeView.swift */; };
		48A230C02A2BFAF300431A41 /* StoreDetailView.swift in Sources */ = {isa = PBXBuildFile; fileRef = 48A230BF2A2BFAF300431A41 /* StoreDetailView.swift */; };
		48A230C22A2BFC1200431A41 /* StoreType.swift in Sources */ = {isa = PBXBuildFile; fileRef = 48A230C12A2BFC1200431A41 /* StoreType.swift */; };
		48A230C42A2BFC1B00431A41 /* ProductType.swift in Sources */ = {isa = PBXBuildFile; fileRef = 48A230C32A2BFC1B00431A41 /* ProductType.swift */; };
		48A230CB2A2C011A00431A41 /* Double+.swift in Sources */ = {isa = PBXBuildFile; fileRef = 48A230CA2A2C011A00431A41 /* Double+.swift */; };
		48A230D02A2C023E00431A41 /* ProductDetailView.swift in Sources */ = {isa = PBXBuildFile; fileRef = 48A230CF2A2C023E00431A41 /* ProductDetailView.swift */; };
		48A230D32A2C084200431A41 /* StoreDetailHeaderView.swift in Sources */ = {isa = PBXBuildFile; fileRef = 48A230D22A2C084200431A41 /* StoreDetailHeaderView.swift */; };
		48A230D52A2C085700431A41 /* StoreDetailProductsView.swift in Sources */ = {isa = PBXBuildFile; fileRef = 48A230D42A2C085700431A41 /* StoreDetailProductsView.swift */; };
		48A230D72A2C086000431A41 /* StoreDetailProductItemView.swift in Sources */ = {isa = PBXBuildFile; fileRef = 48A230D62A2C086000431A41 /* StoreDetailProductItemView.swift */; };
		48A230D92A2C097400431A41 /* ProductDetailHeaderView.swift in Sources */ = {isa = PBXBuildFile; fileRef = 48A230D82A2C097400431A41 /* ProductDetailHeaderView.swift */; };
		48A230DB2A2C098000431A41 /* ProductDetailQuantityView.swift in Sources */ = {isa = PBXBuildFile; fileRef = 48A230DA2A2C098000431A41 /* ProductDetailQuantityView.swift */; };
/* End PBXBuildFile section */

/* Begin PBXFileReference section */
		03AC8F6C2A250B7400BE5D55 /* StoreItemView.swift */ = {isa = PBXFileReference; lastKnownFileType = sourcecode.swift; path = StoreItemView.swift; sourceTree = "<group>"; };
		03AC8F6E2A250B8D00BE5D55 /* StoresContainerView.swift */ = {isa = PBXFileReference; lastKnownFileType = sourcecode.swift; path = StoresContainerView.swift; sourceTree = "<group>"; };
		180B33682A16635500C1AFBC /* CarouselItemView.swift */ = {isa = PBXFileReference; lastKnownFileType = sourcecode.swift; path = CarouselItemView.swift; sourceTree = "<group>"; };
		180B336E2A166A3200C1AFBC /* CarouselTabView.swift */ = {isa = PBXFileReference; lastKnownFileType = sourcecode.swift; path = CarouselTabView.swift; sourceTree = "<group>"; };
		1828E78B2A151C6700B8A3C6 /* ChefDelivery.app */ = {isa = PBXFileReference; explicitFileType = wrapper.application; includeInIndex = 0; path = ChefDelivery.app; sourceTree = BUILT_PRODUCTS_DIR; };
		1828E78E2A151C6700B8A3C6 /* ChefDeliveryApp.swift */ = {isa = PBXFileReference; lastKnownFileType = sourcecode.swift; path = ChefDeliveryApp.swift; sourceTree = "<group>"; };
		1828E7902A151C6700B8A3C6 /* ContentView.swift */ = {isa = PBXFileReference; lastKnownFileType = sourcecode.swift; path = ContentView.swift; sourceTree = "<group>"; };
		1828E7922A151C6800B8A3C6 /* Assets.xcassets */ = {isa = PBXFileReference; lastKnownFileType = folder.assetcatalog; path = Assets.xcassets; sourceTree = "<group>"; };
		1828E7952A151C6800B8A3C6 /* Preview Assets.xcassets */ = {isa = PBXFileReference; lastKnownFileType = folder.assetcatalog; path = "Preview Assets.xcassets"; sourceTree = "<group>"; };
		1828E7A22A15264A00B8A3C6 /* NavigationBar.swift */ = {isa = PBXFileReference; lastKnownFileType = sourcecode.swift; path = NavigationBar.swift; sourceTree = "<group>"; };
		1828E7A52A15451F00B8A3C6 /* OrderTypeGridView.swift */ = {isa = PBXFileReference; lastKnownFileType = sourcecode.swift; path = OrderTypeGridView.swift; sourceTree = "<group>"; };
		1828E7B22A15589100B8A3C6 /* OrderType.swift */ = {isa = PBXFileReference; lastKnownFileType = sourcecode.swift; path = OrderType.swift; sourceTree = "<group>"; };
		1828E7B42A15594100B8A3C6 /* DataSourceMock.swift */ = {isa = PBXFileReference; lastKnownFileType = sourcecode.swift; path = DataSourceMock.swift; sourceTree = "<group>"; };
		1828E7B62A15639C00B8A3C6 /* OrderTypeView.swift */ = {isa = PBXFileReference; lastKnownFileType = sourcecode.swift; path = OrderTypeView.swift; sourceTree = "<group>"; };
		48A230BF2A2BFAF300431A41 /* StoreDetailView.swift */ = {isa = PBXFileReference; lastKnownFileType = sourcecode.swift; path = StoreDetailView.swift; sourceTree = "<group>"; };
		48A230C12A2BFC1200431A41 /* StoreType.swift */ = {isa = PBXFileReference; lastKnownFileType = sourcecode.swift; path = StoreType.swift; sourceTree = "<group>"; };
		48A230C32A2BFC1B00431A41 /* ProductType.swift */ = {isa = PBXFileReference; lastKnownFileType = sourcecode.swift; path = ProductType.swift; sourceTree = "<group>"; };
		48A230CA2A2C011A00431A41 /* Double+.swift */ = {isa = PBXFileReference; lastKnownFileType = sourcecode.swift; path = "Double+.swift"; sourceTree = "<group>"; };
		48A230CF2A2C023E00431A41 /* ProductDetailView.swift */ = {isa = PBXFileReference; lastKnownFileType = sourcecode.swift; path = ProductDetailView.swift; sourceTree = "<group>"; };
		48A230D22A2C084200431A41 /* StoreDetailHeaderView.swift */ = {isa = PBXFileReference; lastKnownFileType = sourcecode.swift; path = StoreDetailHeaderView.swift; sourceTree = "<group>"; };
		48A230D42A2C085700431A41 /* StoreDetailProductsView.swift */ = {isa = PBXFileReference; lastKnownFileType = sourcecode.swift; path = StoreDetailProductsView.swift; sourceTree = "<group>"; };
		48A230D62A2C086000431A41 /* StoreDetailProductItemView.swift */ = {isa = PBXFileReference; lastKnownFileType = sourcecode.swift; path = StoreDetailProductItemView.swift; sourceTree = "<group>"; };
		48A230D82A2C097400431A41 /* ProductDetailHeaderView.swift */ = {isa = PBXFileReference; lastKnownFileType = sourcecode.swift; path = ProductDetailHeaderView.swift; sourceTree = "<group>"; };
		48A230DA2A2C098000431A41 /* ProductDetailQuantityView.swift */ = {isa = PBXFileReference; lastKnownFileType = sourcecode.swift; path = ProductDetailQuantityView.swift; sourceTree = "<group>"; };
/* End PBXFileReference section */

/* Begin PBXFrameworksBuildPhase section */
		1828E7882A151C6700B8A3C6 /* Frameworks */ = {
			isa = PBXFrameworksBuildPhase;
			buildActionMask = 2147483647;
			files = (
			);
			runOnlyForDeploymentPostprocessing = 0;
		};
/* End PBXFrameworksBuildPhase section */

/* Begin PBXGroup section */
		180B33672A16632B00C1AFBC /* CarouselView */ = {
			isa = PBXGroup;
			children = (
				180B33682A16635500C1AFBC /* CarouselItemView.swift */,
				180B336E2A166A3200C1AFBC /* CarouselTabView.swift */,
			);
			path = CarouselView;
			sourceTree = "<group>";
		};
		180B33702A16701100C1AFBC /* StoresView */ = {
			isa = PBXGroup;
			children = (
				48A230D12A2C082D00431A41 /* StoreDetailView */,
				03AC8F6C2A250B7400BE5D55 /* StoreItemView.swift */,
				03AC8F6E2A250B8D00BE5D55 /* StoresContainerView.swift */,
			);
			path = StoresView;
			sourceTree = "<group>";
		};
		1828E7822A151C6700B8A3C6 = {
			isa = PBXGroup;
			children = (
				1828E78D2A151C6700B8A3C6 /* ChefDelivery */,
				1828E78C2A151C6700B8A3C6 /* Products */,
			);
			sourceTree = "<group>";
		};
		1828E78C2A151C6700B8A3C6 /* Products */ = {
			isa = PBXGroup;
			children = (
				1828E78B2A151C6700B8A3C6 /* ChefDelivery.app */,
			);
			name = Products;
			sourceTree = "<group>";
		};
		1828E78D2A151C6700B8A3C6 /* ChefDelivery */ = {
			isa = PBXGroup;
			children = (
				48A230CC2A2C021F00431A41 /* ProductDetailView */,
				48A230C82A2C010500431A41 /* Extension */,
				1828E7A12A15261400B8A3C6 /* App */,
				1828E7B12A15586000B8A3C6 /* Model */,
				1828E7A02A1525F800B8A3C6 /* NavigationBar */,
				1828E7A42A1544E900B8A3C6 /* GridView */,
				180B33672A16632B00C1AFBC /* CarouselView */,
				180B33702A16701100C1AFBC /* StoresView */,
				1828E7922A151C6800B8A3C6 /* Assets.xcassets */,
				1828E7942A151C6800B8A3C6 /* Preview Content */,
			);
			path = ChefDelivery;
			sourceTree = "<group>";
		};
		1828E7942A151C6800B8A3C6 /* Preview Content */ = {
			isa = PBXGroup;
			children = (
				1828E7952A151C6800B8A3C6 /* Preview Assets.xcassets */,
			);
			path = "Preview Content";
			sourceTree = "<group>";
		};
		1828E7A02A1525F800B8A3C6 /* NavigationBar */ = {
			isa = PBXGroup;
			children = (
				1828E7A22A15264A00B8A3C6 /* NavigationBar.swift */,
			);
			path = NavigationBar;
			sourceTree = "<group>";
		};
		1828E7A12A15261400B8A3C6 /* App */ = {
			isa = PBXGroup;
			children = (
				1828E78E2A151C6700B8A3C6 /* ChefDeliveryApp.swift */,
				1828E7902A151C6700B8A3C6 /* ContentView.swift */,
			);
			path = App;
			sourceTree = "<group>";
		};
		1828E7A42A1544E900B8A3C6 /* GridView */ = {
			isa = PBXGroup;
			children = (
				1828E7A52A15451F00B8A3C6 /* OrderTypeGridView.swift */,
				1828E7B62A15639C00B8A3C6 /* OrderTypeView.swift */,
			);
			path = GridView;
			sourceTree = "<group>";
		};
		1828E7B12A15586000B8A3C6 /* Model */ = {
			isa = PBXGroup;
			children = (
				1828E7B22A15589100B8A3C6 /* OrderType.swift */,
				1828E7B42A15594100B8A3C6 /* DataSourceMock.swift */,
				48A230C12A2BFC1200431A41 /* StoreType.swift */,
				48A230C32A2BFC1B00431A41 /* ProductType.swift */,
			);
			path = Model;
			sourceTree = "<group>";
		};
		48A230C82A2C010500431A41 /* Extension */ = {
			isa = PBXGroup;
			children = (
				48A230CA2A2C011A00431A41 /* Double+.swift */,
			);
			path = Extension;
			sourceTree = "<group>";
		};
		48A230CC2A2C021F00431A41 /* ProductDetailView */ = {
			isa = PBXGroup;
			children = (
				48A230CF2A2C023E00431A41 /* ProductDetailView.swift */,
				48A230D82A2C097400431A41 /* ProductDetailHeaderView.swift */,
				48A230DA2A2C098000431A41 /* ProductDetailQuantityView.swift */,
			);
			path = ProductDetailView;
			sourceTree = "<group>";
		};
		48A230D12A2C082D00431A41 /* StoreDetailView */ = {
			isa = PBXGroup;
			children = (
				48A230BF2A2BFAF300431A41 /* StoreDetailView.swift */,
				48A230D22A2C084200431A41 /* StoreDetailHeaderView.swift */,
				48A230D42A2C085700431A41 /* StoreDetailProductsView.swift */,
				48A230D62A2C086000431A41 /* StoreDetailProductItemView.swift */,
			);
			path = StoreDetailView;
			sourceTree = "<group>";
		};
/* End PBXGroup section */

/* Begin PBXNativeTarget section */
		1828E78A2A151C6700B8A3C6 /* ChefDelivery */ = {
			isa = PBXNativeTarget;
			buildConfigurationList = 1828E7992A151C6800B8A3C6 /* Build configuration list for PBXNativeTarget "ChefDelivery" */;
			buildPhases = (
				1828E7872A151C6700B8A3C6 /* Sources */,
				1828E7882A151C6700B8A3C6 /* Frameworks */,
				1828E7892A151C6700B8A3C6 /* Resources */,
			);
			buildRules = (
			);
			dependencies = (
			);
			name = ChefDelivery;
			productName = ChefDelivery;
			productReference = 1828E78B2A151C6700B8A3C6 /* ChefDelivery.app */;
			productType = "com.apple.product-type.application";
		};
/* End PBXNativeTarget section */

/* Begin PBXProject section */
		1828E7832A151C6700B8A3C6 /* Project object */ = {
			isa = PBXProject;
			attributes = {
				BuildIndependentTargetsInParallel = 1;
				LastSwiftUpdateCheck = 1430;
				LastUpgradeCheck = 1430;
				TargetAttributes = {
					1828E78A2A151C6700B8A3C6 = {
						CreatedOnToolsVersion = 14.3;
					};
				};
			};
			buildConfigurationList = 1828E7862A151C6700B8A3C6 /* Build configuration list for PBXProject "ChefDelivery" */;
			compatibilityVersion = "Xcode 14.0";
			developmentRegion = en;
			hasScannedForEncodings = 0;
			knownRegions = (
				en,
				Base,
			);
			mainGroup = 1828E7822A151C6700B8A3C6;
			productRefGroup = 1828E78C2A151C6700B8A3C6 /* Products */;
			projectDirPath = "";
			projectRoot = "";
			targets = (
				1828E78A2A151C6700B8A3C6 /* ChefDelivery */,
			);
		};
/* End PBXProject section */

/* Begin PBXResourcesBuildPhase section */
		1828E7892A151C6700B8A3C6 /* Resources */ = {
			isa = PBXResourcesBuildPhase;
			buildActionMask = 2147483647;
			files = (
				1828E7962A151C6800B8A3C6 /* Preview Assets.xcassets in Resources */,
				1828E7932A151C6800B8A3C6 /* Assets.xcassets in Resources */,
			);
			runOnlyForDeploymentPostprocessing = 0;
		};
/* End PBXResourcesBuildPhase section */

/* Begin PBXSourcesBuildPhase section */
		1828E7872A151C6700B8A3C6 /* Sources */ = {
			isa = PBXSourcesBuildPhase;
			buildActionMask = 2147483647;
			files = (
				48A230D92A2C097400431A41 /* ProductDetailHeaderView.swift in Sources */,
				1828E7B32A15589100B8A3C6 /* OrderType.swift in Sources */,
				48A230D02A2C023E00431A41 /* ProductDetailView.swift in Sources */,
				48A230C42A2BFC1B00431A41 /* ProductType.swift in Sources */,
				180B33692A16635500C1AFBC /* CarouselItemView.swift in Sources */,
				1828E7912A151C6700B8A3C6 /* ContentView.swift in Sources */,
				48A230DB2A2C098000431A41 /* ProductDetailQuantityView.swift in Sources */,
				48A230CB2A2C011A00431A41 /* Double+.swift in Sources */,
				1828E7B52A15594100B8A3C6 /* DataSourceMock.swift in Sources */,
				03AC8F6F2A250B8D00BE5D55 /* StoresContainerView.swift in Sources */,
				1828E7B72A15639C00B8A3C6 /* OrderTypeView.swift in Sources */,
				03AC8F6D2A250B7400BE5D55 /* StoreItemView.swift in Sources */,
				48A230C02A2BFAF300431A41 /* StoreDetailView.swift in Sources */,
				1828E7A62A15451F00B8A3C6 /* OrderTypeGridView.swift in Sources */,
				1828E78F2A151C6700B8A3C6 /* ChefDeliveryApp.swift in Sources */,
				1828E7A32A15264A00B8A3C6 /* NavigationBar.swift in Sources */,
				48A230C22A2BFC1200431A41 /* StoreType.swift in Sources */,
				48A230D52A2C085700431A41 /* StoreDetailProductsView.swift in Sources */,
				180B336F2A166A3200C1AFBC /* CarouselTabView.swift in Sources */,
				48A230D72A2C086000431A41 /* StoreDetailProductItemView.swift in Sources */,
				48A230D32A2C084200431A41 /* StoreDetailHeaderView.swift in Sources */,
			);
			runOnlyForDeploymentPostprocessing = 0;
		};
/* End PBXSourcesBuildPhase section */

/* Begin XCBuildConfiguration section */
		1828E7972A151C6800B8A3C6 /* Debug */ = {
			isa = XCBuildConfiguration;
			buildSettings = {
				ALWAYS_SEARCH_USER_PATHS = NO;
				CLANG_ANALYZER_NONNULL = YES;
				CLANG_ANALYZER_NUMBER_OBJECT_CONVERSION = YES_AGGRESSIVE;
				CLANG_CXX_LANGUAGE_STANDARD = "gnu++20";
				CLANG_ENABLE_MODULES = YES;
				CLANG_ENABLE_OBJC_ARC = YES;
				CLANG_ENABLE_OBJC_WEAK = YES;
				CLANG_WARN_BLOCK_CAPTURE_AUTORELEASING = YES;
				CLANG_WARN_BOOL_CONVERSION = YES;
				CLANG_WARN_COMMA = YES;
				CLANG_WARN_CONSTANT_CONVERSION = YES;
				CLANG_WARN_DEPRECATED_OBJC_IMPLEMENTATIONS = YES;
				CLANG_WARN_DIRECT_OBJC_ISA_USAGE = YES_ERROR;
				CLANG_WARN_DOCUMENTATION_COMMENTS = YES;
				CLANG_WARN_EMPTY_BODY = YES;
				CLANG_WARN_ENUM_CONVERSION = YES;
				CLANG_WARN_INFINITE_RECURSION = YES;
				CLANG_WARN_INT_CONVERSION = YES;
				CLANG_WARN_NON_LITERAL_NULL_CONVERSION = YES;
				CLANG_WARN_OBJC_IMPLICIT_RETAIN_SELF = YES;
				CLANG_WARN_OBJC_LITERAL_CONVERSION = YES;
				CLANG_WARN_OBJC_ROOT_CLASS = YES_ERROR;
				CLANG_WARN_QUOTED_INCLUDE_IN_FRAMEWORK_HEADER = YES;
				CLANG_WARN_RANGE_LOOP_ANALYSIS = YES;
				CLANG_WARN_STRICT_PROTOTYPES = YES;
				CLANG_WARN_SUSPICIOUS_MOVE = YES;
				CLANG_WARN_UNGUARDED_AVAILABILITY = YES_AGGRESSIVE;
				CLANG_WARN_UNREACHABLE_CODE = YES;
				CLANG_WARN__DUPLICATE_METHOD_MATCH = YES;
				COPY_PHASE_STRIP = NO;
				DEBUG_INFORMATION_FORMAT = dwarf;
				ENABLE_STRICT_OBJC_MSGSEND = YES;
				ENABLE_TESTABILITY = YES;
				GCC_C_LANGUAGE_STANDARD = gnu11;
				GCC_DYNAMIC_NO_PIC = NO;
				GCC_NO_COMMON_BLOCKS = YES;
				GCC_OPTIMIZATION_LEVEL = 0;
				GCC_PREPROCESSOR_DEFINITIONS = (
					"DEBUG=1",
					"$(inherited)",
				);
				GCC_WARN_64_TO_32_BIT_CONVERSION = YES;
				GCC_WARN_ABOUT_RETURN_TYPE = YES_ERROR;
				GCC_WARN_UNDECLARED_SELECTOR = YES;
				GCC_WARN_UNINITIALIZED_AUTOS = YES_AGGRESSIVE;
				GCC_WARN_UNUSED_FUNCTION = YES;
				GCC_WARN_UNUSED_VARIABLE = YES;
				IPHONEOS_DEPLOYMENT_TARGET = 16.4;
				MTL_ENABLE_DEBUG_INFO = INCLUDE_SOURCE;
				MTL_FAST_MATH = YES;
				ONLY_ACTIVE_ARCH = YES;
				SDKROOT = iphoneos;
				SWIFT_ACTIVE_COMPILATION_CONDITIONS = DEBUG;
				SWIFT_OPTIMIZATION_LEVEL = "-Onone";
			};
			name = Debug;
		};
		1828E7982A151C6800B8A3C6 /* Release */ = {
			isa = XCBuildConfiguration;
			buildSettings = {
				ALWAYS_SEARCH_USER_PATHS = NO;
				CLANG_ANALYZER_NONNULL = YES;
				CLANG_ANALYZER_NUMBER_OBJECT_CONVERSION = YES_AGGRESSIVE;
				CLANG_CXX_LANGUAGE_STANDARD = "gnu++20";
				CLANG_ENABLE_MODULES = YES;
				CLANG_ENABLE_OBJC_ARC = YES;
				CLANG_ENABLE_OBJC_WEAK = YES;
				CLANG_WARN_BLOCK_CAPTURE_AUTORELEASING = YES;
				CLANG_WARN_BOOL_CONVERSION = YES;
				CLANG_WARN_COMMA = YES;
				CLANG_WARN_CONSTANT_CONVERSION = YES;
				CLANG_WARN_DEPRECATED_OBJC_IMPLEMENTATIONS = YES;
				CLANG_WARN_DIRECT_OBJC_ISA_USAGE = YES_ERROR;
				CLANG_WARN_DOCUMENTATION_COMMENTS = YES;
				CLANG_WARN_EMPTY_BODY = YES;
				CLANG_WARN_ENUM_CONVERSION = YES;
				CLANG_WARN_INFINITE_RECURSION = YES;
				CLANG_WARN_INT_CONVERSION = YES;
				CLANG_WARN_NON_LITERAL_NULL_CONVERSION = YES;
				CLANG_WARN_OBJC_IMPLICIT_RETAIN_SELF = YES;
				CLANG_WARN_OBJC_LITERAL_CONVERSION = YES;
				CLANG_WARN_OBJC_ROOT_CLASS = YES_ERROR;
				CLANG_WARN_QUOTED_INCLUDE_IN_FRAMEWORK_HEADER = YES;
				CLANG_WARN_RANGE_LOOP_ANALYSIS = YES;
				CLANG_WARN_STRICT_PROTOTYPES = YES;
				CLANG_WARN_SUSPICIOUS_MOVE = YES;
				CLANG_WARN_UNGUARDED_AVAILABILITY = YES_AGGRESSIVE;
				CLANG_WARN_UNREACHABLE_CODE = YES;
				CLANG_WARN__DUPLICATE_METHOD_MATCH = YES;
				COPY_PHASE_STRIP = NO;
				DEBUG_INFORMATION_FORMAT = "dwarf-with-dsym";
				ENABLE_NS_ASSERTIONS = NO;
				ENABLE_STRICT_OBJC_MSGSEND = YES;
				GCC_C_LANGUAGE_STANDARD = gnu11;
				GCC_NO_COMMON_BLOCKS = YES;
				GCC_WARN_64_TO_32_BIT_CONVERSION = YES;
				GCC_WARN_ABOUT_RETURN_TYPE = YES_ERROR;
				GCC_WARN_UNDECLARED_SELECTOR = YES;
				GCC_WARN_UNINITIALIZED_AUTOS = YES_AGGRESSIVE;
				GCC_WARN_UNUSED_FUNCTION = YES;
				GCC_WARN_UNUSED_VARIABLE = YES;
				IPHONEOS_DEPLOYMENT_TARGET = 16.4;
				MTL_ENABLE_DEBUG_INFO = NO;
				MTL_FAST_MATH = YES;
				SDKROOT = iphoneos;
				SWIFT_COMPILATION_MODE = wholemodule;
				SWIFT_OPTIMIZATION_LEVEL = "-O";
				VALIDATE_PRODUCT = YES;
			};
			name = Release;
		};
		1828E79A2A151C6800B8A3C6 /* Debug */ = {
			isa = XCBuildConfiguration;
			buildSettings = {
				ASSETCATALOG_COMPILER_APPICON_NAME = AppIcon;
				ASSETCATALOG_COMPILER_GLOBAL_ACCENT_COLOR_NAME = AccentColor;
				CODE_SIGN_STYLE = Automatic;
				CURRENT_PROJECT_VERSION = 1;
				DEVELOPMENT_ASSET_PATHS = "\"ChefDelivery/Preview Content\"";
				ENABLE_PREVIEWS = YES;
				GENERATE_INFOPLIST_FILE = YES;
				INFOPLIST_KEY_UIApplicationSceneManifest_Generation = YES;
				INFOPLIST_KEY_UIApplicationSupportsIndirectInputEvents = YES;
				INFOPLIST_KEY_UILaunchScreen_Generation = YES;
				INFOPLIST_KEY_UISupportedInterfaceOrientations_iPad = "UIInterfaceOrientationPortrait UIInterfaceOrientationPortraitUpsideDown UIInterfaceOrientationLandscapeLeft UIInterfaceOrientationLandscapeRight";
				INFOPLIST_KEY_UISupportedInterfaceOrientations_iPhone = "UIInterfaceOrientationPortrait UIInterfaceOrientationLandscapeLeft UIInterfaceOrientationLandscapeRight";
				IPHONEOS_DEPLOYMENT_TARGET = 16.0;
				LD_RUNPATH_SEARCH_PATHS = (
					"$(inherited)",
					"@executable_path/Frameworks",
				);
				MARKETING_VERSION = 1.0;
				PRODUCT_BUNDLE_IDENTIFIER = br.com.alura.ChefDelivery;
				PRODUCT_NAME = "$(TARGET_NAME)";
				SWIFT_EMIT_LOC_STRINGS = YES;
				SWIFT_VERSION = 5.0;
				TARGETED_DEVICE_FAMILY = "1,2";
			};
			name = Debug;
		};
		1828E79B2A151C6800B8A3C6 /* Release */ = {
			isa = XCBuildConfiguration;
			buildSettings = {
				ASSETCATALOG_COMPILER_APPICON_NAME = AppIcon;
				ASSETCATALOG_COMPILER_GLOBAL_ACCENT_COLOR_NAME = AccentColor;
				CODE_SIGN_STYLE = Automatic;
				CURRENT_PROJECT_VERSION = 1;
				DEVELOPMENT_ASSET_PATHS = "\"ChefDelivery/Preview Content\"";
				ENABLE_PREVIEWS = YES;
				GENERATE_INFOPLIST_FILE = YES;
				INFOPLIST_KEY_UIApplicationSceneManifest_Generation = YES;
				INFOPLIST_KEY_UIApplicationSupportsIndirectInputEvents = YES;
				INFOPLIST_KEY_UILaunchScreen_Generation = YES;
				INFOPLIST_KEY_UISupportedInterfaceOrientations_iPad = "UIInterfaceOrientationPortrait UIInterfaceOrientationPortraitUpsideDown UIInterfaceOrientationLandscapeLeft UIInterfaceOrientationLandscapeRight";
				INFOPLIST_KEY_UISupportedInterfaceOrientations_iPhone = "UIInterfaceOrientationPortrait UIInterfaceOrientationLandscapeLeft UIInterfaceOrientationLandscapeRight";
				IPHONEOS_DEPLOYMENT_TARGET = 16.0;
				LD_RUNPATH_SEARCH_PATHS = (
					"$(inherited)",
					"@executable_path/Frameworks",
				);
				MARKETING_VERSION = 1.0;
				PRODUCT_BUNDLE_IDENTIFIER = br.com.alura.ChefDelivery;
				PRODUCT_NAME = "$(TARGET_NAME)";
				SWIFT_EMIT_LOC_STRINGS = YES;
				SWIFT_VERSION = 5.0;
				TARGETED_DEVICE_FAMILY = "1,2";
			};
			name = Release;
		};
/* End XCBuildConfiguration section */

/* Begin XCConfigurationList section */
		1828E7862A151C6700B8A3C6 /* Build configuration list for PBXProject "ChefDelivery" */ = {
			isa = XCConfigurationList;
			buildConfigurations = (
				1828E7972A151C6800B8A3C6 /* Debug */,
				1828E7982A151C6800B8A3C6 /* Release */,
			);
			defaultConfigurationIsVisible = 0;
			defaultConfigurationName = Release;
		};
		1828E7992A151C6800B8A3C6 /* Build configuration list for PBXNativeTarget "ChefDelivery" */ = {
			isa = XCConfigurationList;
			buildConfigurations = (
				1828E79A2A151C6800B8A3C6 /* Debug */,
				1828E79B2A151C6800B8A3C6 /* Release */,
			);
			defaultConfigurationIsVisible = 0;
			defaultConfigurationName = Release;
		};
/* End XCConfigurationList section */
	};
	rootObject = 1828E7832A151C6700B8A3C6 /* Project object */;
}
